# THIS IS AN AUTOGENERATED FILE. DO NOT EDIT THIS FILE DIRECTLY.
# yarn lockfile v1


atom-select-list@^0.2.0:
  version "0.2.0"
  resolved "https://registry.yarnpkg.com/atom-select-list/-/atom-select-list-0.2.0.tgz#a4b6d919238c80cc5cda9951154c41b999002dcf"
  dependencies:
    etch "^0.9.5"
    fuzzaldrin "^2.1.0"

es6-promise@^4.0.3:
  version "4.1.0"
  resolved "https://registry.yarnpkg.com/es6-promise/-/es6-promise-4.1.0.tgz#dda03ca8f9f89bc597e689842929de7ba8cebdf0"

es6-promisify@^5.0.0:
  version "5.0.0"
  resolved "https://registry.yarnpkg.com/es6-promisify/-/es6-promisify-5.0.0.tgz#5109d62f3e56ea967c4b63505aef08291c8a5203"
  dependencies:
    es6-promise "^4.0.3"

escape-goat@^1.0.0:
  version "1.1.0"
  resolved "https://registry.yarnpkg.com/escape-goat/-/escape-goat-1.1.0.tgz#9521cf4d561fbce5f6d79f97679bb1a2387b74af"

etch@^0.9.5:
  version "0.9.5"
  resolved "https://registry.yarnpkg.com/etch/-/etch-0.9.5.tgz#6c92b7f63000525b9797de23e3b41e109a688fbc"

fuzzaldrin@^2.1.0:
  version "2.1.0"
  resolved "https://registry.yarnpkg.com/fuzzaldrin/-/fuzzaldrin-2.1.0.tgz#90204c3e2fdaa6941bb28d16645d418063a90e9b"

graceful-fs@^4.1.6:
  version "4.1.11"
  resolved "https://registry.yarnpkg.com/graceful-fs/-/graceful-fs-4.1.11.tgz#0e8bdfe4d1ddb8854d64e04ea7c00e2a026e5658"

ip-regex@^1.0.1:
  version "1.0.3"
  resolved "https://registry.yarnpkg.com/ip-regex/-/ip-regex-1.0.3.tgz#dc589076f659f419c222039a33316f1c7387effd"

jsonfile@^3.0.0:
  version "3.0.0"
  resolved "https://registry.yarnpkg.com/jsonfile/-/jsonfile-3.0.0.tgz#92e7c7444e5ffd5fa32e6a9ae8b85034df8347d0"
  optionalDependencies:
    graceful-fs "^4.1.6"

linkify-urls@^1.0.0:
  version "1.0.0"
  resolved "https://registry.yarnpkg.com/linkify-urls/-/linkify-urls-1.0.0.tgz#d7a049fbb4865d81f51cafc88614d83eaba25fa0"
  dependencies:
    escape-goat "^1.0.0"
    url-regex "^4.0.0"

lodash@^4.17.4:
  version "4.17.4"
  resolved "https://registry.yarnpkg.com/lodash/-/lodash-4.17.4.tgz#78203a4d1c328ae1d86dca6460e369b57f4055ae"

tlds@^1.187.0:
  version "1.187.0"
  resolved "https://registry.yarnpkg.com/tlds/-/tlds-1.187.0.tgz#46ee588ffc2414f5ccd31ca8b41e667b215044ce"

url-regex@^4.0.0:
  version "4.1.0"
  resolved "https://registry.yarnpkg.com/url-regex/-/url-regex-4.1.0.tgz#727c404891d1caa5f54e3da44e8665860f2b5761"
  dependencies:
    ip-regex "^1.0.1"
    tlds "^1.187.0"
