# THIS IS AN AUTOGENERATED FILE. DO NOT EDIT THIS FILE DIRECTLY.
# yarn lockfile v1


atom-select-list@^0.2.0:
  version "0.2.0"
  resolved "https://registry.yarnpkg.com/atom-select-list/-/atom-select-list-0.2.0.tgz#a4b6d919238c80cc5cda9951154c41b999002dcf"
  dependencies:
    etch "^0.9.5"
    fuzzaldrin "^2.1.0"

etch@^0.9.5:
  version "0.9.5"
  resolved "https://registry.yarnpkg.com/etch/-/etch-0.9.5.tgz#6c92b7f63000525b9797de23e3b41e109a688fbc"

fuzzaldrin@^2.1.0:
  version "2.1.0"
  resolved "https://registry.yarnpkg.com/fuzzaldrin/-/fuzzaldrin-2.1.0.tgz#90204c3e2fdaa6941bb28d16645d418063a90e9b"
